Microsoft Visual Studio Solution File, Format Version 12.00
# Visual Studio Version 17
VisualStudioVersion = 17.5.2.0
MinimumVisualStudioVersion = 10.0.40219.1
Project("{FAE04EC0-301F-11D3-BF4B-00C04F79EFBC}") = "OneToManyDemo", "OneToManyDemo.csproj", "{9AD79155-3971-3291-167F-18975DD4E8AB}"
EndProject
Global
	GlobalSection(SolutionConfigurationPlatforms) = preSolution
		Debug|Any CPU = Debug|Any CPU
		Release|Any CPU = Release|Any CPU
	EndGlobalSection
	GlobalSection(ProjectConfigurationPlatforms) = postSolution
		{9AD79155-3971-3291-167F-18975DD4E8AB}.Debug|Any CPU.ActiveCfg = Debug|Any CPU
		{9AD79155-3971-3291-167F-18975DD4E8AB}.Debug|Any CPU.Build.0 = Debug|Any CPU
		{9AD79155-3971-3291-167F-18975DD4E8AB}.Release|Any CPU.ActiveCfg = Release|Any CPU
		{9AD79155-3971-3291-167F-18975DD4E8AB}.Release|Any CPU.Build.0 = Release|Any CPU
	EndGlobalSection
	GlobalSection(SolutionProperties) = preSolution
		HideSolutionNode = FALSE
	EndGlobalSection
	GlobalSection(ExtensibilityGlobals) = postSolution
		SolutionGuid = {6165D2DA-4F56-4144-8AE2-2658156A4509}
	EndGlobalSection
EndGlobal
